
Microsoft Visual Studio Solution File, Format Version 12.00
# Visual Studio Version 17
VisualStudioVersion = 17.1.32328.378
MinimumVisualStudioVersion = 10.0.40219.1
Project("{FAE04EC0-301F-11D3-BF4B-00C04F79EFBC}") = "buynew", "buynew\buynew.csproj", "{C5EC8B76-B885-4D4B-BCBC-B6AE6BEA3D45}"
EndProject
Global
	GlobalSection(SolutionConfigurationPlatforms) = preSolution
		Debug|Any CPU = Debug|Any CPU
		Release|Any CPU = Release|Any CPU
	EndGlobalSection
	GlobalSection(ProjectConfigurationPlatforms) = postSolution
		{C5EC8B76-B885-4D4B-BCBC-B6AE6BEA3D45}.Debug|Any CPU.ActiveCfg = Debug|Any CPU
		{C5EC8B76-B885-4D4B-BCBC-B6AE6BEA3D45}.Debug|Any CPU.Build.0 = Debug|Any CPU
		{C5EC8B76-B885-4D4B-BCBC-B6AE6BEA3D45}.Release|Any CPU.ActiveCfg = Release|Any CPU
		{C5EC8B76-B885-4D4B-BCBC-B6AE6BEA3D45}.Release|Any CPU.Build.0 = Release|Any CPU
	EndGlobalSection
	GlobalSection(SolutionProperties) = preSolution
		HideSolutionNode = FALSE
	EndGlobalSection
	GlobalSection(ExtensibilityGlobals) = postSolution
		SolutionGuid = {2EFCD33D-69B4-4EDC-947C-C2C773BB6C8B}
	EndGlobalSection
EndGlobal
